
Microsoft Visual Studio Solution File, Format Version 12.00
# Visual Studio Version 16
VisualStudioVersion = 16.0.30320.27
MinimumVisualStudioVersion = 10.0.40219.1
Project("{9A19103F-16F7-4668-BE54-9A1E7A4F7556}") = "OctoVersion.Core", "OctoVersion.Core\OctoVersion.Core.csproj", "{4C68CCB1-185D-4CA4-A9C7-7BB3E62743AC}"
EndProject
Project("{9A19103F-16F7-4668-BE54-9A1E7A4F7556}") = "OctoVersion.Tool", "OctoVersion.Tool\OctoVersion.Tool.csproj", "{186C4135-A3FF-48BA-9625-32DFFEDE6525}"
EndProject
Project("{9A19103F-16F7-4668-BE54-9A1E7A4F7556}") = "OctoVersion.Tests", "OctoVersion.Tests\OctoVersion.Tests.csproj", "{194D5D6A-E952-4F7D-9D1B-ACBE6D0F861E}"
EndProject
Project("{FAE04EC0-301F-11D3-BF4B-00C04F79EFBC}") = "Cake.OctoVersion", "Cake.OctoVersion\Cake.OctoVersion.csproj", "{7D55ADCB-5E7C-4AD4-8DCF-8F35885B07C8}"
EndProject
Project("{FAE04EC0-301F-11D3-BF4B-00C04F79EFBC}") = "Nuke.OctoVersion", "Nuke.OctoVersion\Nuke.OctoVersion.csproj", "{8C86B4A8-0021-4404-ABE5-2D2FDD2192DB}"
EndProject
Global
	GlobalSection(SolutionConfigurationPlatforms) = preSolution
		Debug|Any CPU = Debug|Any CPU
		Release|Any CPU = Release|Any CPU
	EndGlobalSection
	GlobalSection(ProjectConfigurationPlatforms) = postSolution
		{4C68CCB1-185D-4CA4-A9C7-7BB3E62743AC}.Debug|Any CPU.ActiveCfg = Debug|Any CPU
		{4C68CCB1-185D-4CA4-A9C7-7BB3E62743AC}.Debug|Any CPU.Build.0 = Debug|Any CPU
		{4C68CCB1-185D-4CA4-A9C7-7BB3E62743AC}.Release|Any CPU.ActiveCfg = Release|Any CPU
		{4C68CCB1-185D-4CA4-A9C7-7BB3E62743AC}.Release|Any CPU.Build.0 = Release|Any CPU
		{186C4135-A3FF-48BA-9625-32DFFEDE6525}.Debug|Any CPU.ActiveCfg = Debug|Any CPU
		{186C4135-A3FF-48BA-9625-32DFFEDE6525}.Debug|Any CPU.Build.0 = Debug|Any CPU
		{186C4135-A3FF-48BA-9625-32DFFEDE6525}.Release|Any CPU.ActiveCfg = Release|Any CPU
		{186C4135-A3FF-48BA-9625-32DFFEDE6525}.Release|Any CPU.Build.0 = Release|Any CPU
		{194D5D6A-E952-4F7D-9D1B-ACBE6D0F861E}.Debug|Any CPU.ActiveCfg = Debug|Any CPU
		{194D5D6A-E952-4F7D-9D1B-ACBE6D0F861E}.Debug|Any CPU.Build.0 = Debug|Any CPU
		{194D5D6A-E952-4F7D-9D1B-ACBE6D0F861E}.Release|Any CPU.ActiveCfg = Release|Any CPU
		{194D5D6A-E952-4F7D-9D1B-ACBE6D0F861E}.Release|Any CPU.Build.0 = Release|Any CPU
		{7D55ADCB-5E7C-4AD4-8DCF-8F35885B07C8}.Debug|Any CPU.ActiveCfg = Debug|Any CPU
		{7D55ADCB-5E7C-4AD4-8DCF-8F35885B07C8}.Debug|Any CPU.Build.0 = Debug|Any CPU
		{7D55ADCB-5E7C-4AD4-8DCF-8F35885B07C8}.Release|Any CPU.ActiveCfg = Release|Any CPU
		{7D55ADCB-5E7C-4AD4-8DCF-8F35885B07C8}.Release|Any CPU.Build.0 = Release|Any CPU
		{8C86B4A8-0021-4404-ABE5-2D2FDD2192DB}.Debug|Any CPU.ActiveCfg = Debug|Any CPU
		{8C86B4A8-0021-4404-ABE5-2D2FDD2192DB}.Debug|Any CPU.Build.0 = Debug|Any CPU
		{8C86B4A8-0021-4404-ABE5-2D2FDD2192DB}.Release|Any CPU.ActiveCfg = Release|Any CPU
		{8C86B4A8-0021-4404-ABE5-2D2FDD2192DB}.Release|Any CPU.Build.0 = Release|Any CPU
	EndGlobalSection
	GlobalSection(SolutionProperties) = preSolution
		HideSolutionNode = FALSE
	EndGlobalSection
	GlobalSection(ExtensibilityGlobals) = postSolution
		SolutionGuid = {A2B98862-9B8F-40E8-9214-7A3CF86CBEC8}
	EndGlobalSection
EndGlobal
